# This file was autogenerated by Stack.
# You should not edit this file by hand.
# For more information, please see the documentation at:
#   https://docs.haskellstack.org/en/stable/lock_files

packages:
- completed:
    hackage: aeson-deriving-0.1.1.1@sha256:0b2b6dfdfdf57bb6b3db5978a9e60ba6345b7d48fa254cddb2c76da7d96f8c26,2714
    pantry-tree:
      size: 1168
      sha256: 9c4c294da10e954ccbea31e9784b9983426359c3ba2be1815bbb10026b752a3e
  original:
    hackage: aeson-deriving-0.1.1.1
snapshots:
- completed:
    size: 491372
    url: https://raw.githubusercontent.com/commercialhaskell/stackage-snapshots/master/lts/15/2.yaml
    sha256: a98d091d911606d0d8adccbeb811b81bbd8cc2d888f99ef9e273350e8e9692a8
  original: lts-15.2
